
Microsoft Visual Studio Solution File, Format Version 12.00
# Visual Studio 15
VisualStudioVersion = 15.0.26730.15
MinimumVisualStudioVersion = 10.0.40219.1
Project("{FAE04EC0-301F-11D3-BF4B-00C04F79EFBC}") = "01. Cubic-Artillery", "01. Cubic-Artillery\01. Cubic-Artillery.csproj", "{E9CED3E0-E418-4B27-9EE6-4211E5FF8408}"
EndProject
Project("{FAE04EC0-301F-11D3-BF4B-00C04F79EFBC}") = "02. Cubic`s-Rube", "02. Cubic`s-Rube\02. Cubic`s-Rube.csproj", "{DEAD70E9-C923-40D5-9CF1-B1E0AC4DD130}"
EndProject
Project("{FAE04EC0-301F-11D3-BF4B-00C04F79EFBC}") = "03. Cubic-Messages", "03. Cubic-Messages\03. Cubic-Messages.csproj", "{4C04C0F5-77DC-47A5-8593-97BFA610D3E9}"
EndProject
Project("{FAE04EC0-301F-11D3-BF4B-00C04F79EFBC}") = "04. Cubic-Assault", "04. Cubic-Assault\04. Cubic-Assault.csproj", "{E8589405-C430-4E86-B70F-3200F1C7AE37}"
EndProject
Global
	GlobalSection(SolutionConfigurationPlatforms) = preSolution
		Debug|Any CPU = Debug|Any CPU
		Release|Any CPU = Release|Any CPU
	EndGlobalSection
	GlobalSection(ProjectConfigurationPlatforms) = postSolution
		{E9CED3E0-E418-4B27-9EE6-4211E5FF8408}.Debug|Any CPU.ActiveCfg = Debug|Any CPU
		{E9CED3E0-E418-4B27-9EE6-4211E5FF8408}.Debug|Any CPU.Build.0 = Debug|Any CPU
		{E9CED3E0-E418-4B27-9EE6-4211E5FF8408}.Release|Any CPU.ActiveCfg = Release|Any CPU
		{E9CED3E0-E418-4B27-9EE6-4211E5FF8408}.Release|Any CPU.Build.0 = Release|Any CPU
		{DEAD70E9-C923-40D5-9CF1-B1E0AC4DD130}.Debug|Any CPU.ActiveCfg = Debug|Any CPU
		{DEAD70E9-C923-40D5-9CF1-B1E0AC4DD130}.Debug|Any CPU.Build.0 = Debug|Any CPU
		{DEAD70E9-C923-40D5-9CF1-B1E0AC4DD130}.Release|Any CPU.ActiveCfg = Release|Any CPU
		{DEAD70E9-C923-40D5-9CF1-B1E0AC4DD130}.Release|Any CPU.Build.0 = Release|Any CPU
		{4C04C0F5-77DC-47A5-8593-97BFA610D3E9}.Debug|Any CPU.ActiveCfg = Debug|Any CPU
		{4C04C0F5-77DC-47A5-8593-97BFA610D3E9}.Debug|Any CPU.Build.0 = Debug|Any CPU
		{4C04C0F5-77DC-47A5-8593-97BFA610D3E9}.Release|Any CPU.ActiveCfg = Release|Any CPU
		{4C04C0F5-77DC-47A5-8593-97BFA610D3E9}.Release|Any CPU.Build.0 = Release|Any CPU
		{E8589405-C430-4E86-B70F-3200F1C7AE37}.Debug|Any CPU.ActiveCfg = Debug|Any CPU
		{E8589405-C430-4E86-B70F-3200F1C7AE37}.Debug|Any CPU.Build.0 = Debug|Any CPU
		{E8589405-C430-4E86-B70F-3200F1C7AE37}.Release|Any CPU.ActiveCfg = Release|Any CPU
		{E8589405-C430-4E86-B70F-3200F1C7AE37}.Release|Any CPU.Build.0 = Release|Any CPU
	EndGlobalSection
	GlobalSection(SolutionProperties) = preSolution
		HideSolutionNode = FALSE
	EndGlobalSection
	GlobalSection(ExtensibilityGlobals) = postSolution
		SolutionGuid = {E649A123-2AC2-41BE-A959-D6D0ACF79FC7}
	EndGlobalSection
EndGlobal
