
Microsoft Visual Studio Solution File, Format Version 12.00
# Visual Studio 15
VisualStudioVersion = 15.0.26730.15
MinimumVisualStudioVersion = 10.0.40219.1
Project("{9A19103F-16F7-4668-BE54-9A1E7A4F7556}") = "01. Arrange-Numbers", "01. Arrange-Numbers\01. Arrange-Numbers.csproj", "{82185AFD-4C14-4266-801B-854FA0665F4F}"
EndProject
Project("{9A19103F-16F7-4668-BE54-9A1E7A4F7556}") = "02. Monopoly", "02. Monopoly\02. Monopoly.csproj", "{B2ACDEDE-08A8-496E-8A56-D033B2F05135}"
EndProject
Project("{9A19103F-16F7-4668-BE54-9A1E7A4F7556}") = "03. Basic-MarkUp-Language", "03. Basic-MarkUp-Language\03. Basic-MarkUp-Language.csproj", "{1B97629C-5258-47AD-9EF0-0919E55DCF97}"
EndProject
Project("{FAE04EC0-301F-11D3-BF4B-00C04F79EFBC}") = "04. Champions-League", "04. Champions-League\04. Champions-League.csproj", "{B45223F9-B142-4AF6-B87C-E69C02F3A563}"
EndProject
Global
	GlobalSection(SolutionConfigurationPlatforms) = preSolution
		Debug|Any CPU = Debug|Any CPU
		Release|Any CPU = Release|Any CPU
	EndGlobalSection
	GlobalSection(ProjectConfigurationPlatforms) = postSolution
		{82185AFD-4C14-4266-801B-854FA0665F4F}.Debug|Any CPU.ActiveCfg = Debug|Any CPU
		{82185AFD-4C14-4266-801B-854FA0665F4F}.Debug|Any CPU.Build.0 = Debug|Any CPU
		{82185AFD-4C14-4266-801B-854FA0665F4F}.Release|Any CPU.ActiveCfg = Release|Any CPU
		{82185AFD-4C14-4266-801B-854FA0665F4F}.Release|Any CPU.Build.0 = Release|Any CPU
		{B2ACDEDE-08A8-496E-8A56-D033B2F05135}.Debug|Any CPU.ActiveCfg = Debug|Any CPU
		{B2ACDEDE-08A8-496E-8A56-D033B2F05135}.Debug|Any CPU.Build.0 = Debug|Any CPU
		{B2ACDEDE-08A8-496E-8A56-D033B2F05135}.Release|Any CPU.ActiveCfg = Release|Any CPU
		{B2ACDEDE-08A8-496E-8A56-D033B2F05135}.Release|Any CPU.Build.0 = Release|Any CPU
		{1B97629C-5258-47AD-9EF0-0919E55DCF97}.Debug|Any CPU.ActiveCfg = Debug|Any CPU
		{1B97629C-5258-47AD-9EF0-0919E55DCF97}.Debug|Any CPU.Build.0 = Debug|Any CPU
		{1B97629C-5258-47AD-9EF0-0919E55DCF97}.Release|Any CPU.ActiveCfg = Release|Any CPU
		{1B97629C-5258-47AD-9EF0-0919E55DCF97}.Release|Any CPU.Build.0 = Release|Any CPU
		{B45223F9-B142-4AF6-B87C-E69C02F3A563}.Debug|Any CPU.ActiveCfg = Debug|Any CPU
		{B45223F9-B142-4AF6-B87C-E69C02F3A563}.Debug|Any CPU.Build.0 = Debug|Any CPU
		{B45223F9-B142-4AF6-B87C-E69C02F3A563}.Release|Any CPU.ActiveCfg = Release|Any CPU
		{B45223F9-B142-4AF6-B87C-E69C02F3A563}.Release|Any CPU.Build.0 = Release|Any CPU
	EndGlobalSection
	GlobalSection(SolutionProperties) = preSolution
		HideSolutionNode = FALSE
	EndGlobalSection
	GlobalSection(ExtensibilityGlobals) = postSolution
		SolutionGuid = {13602AFA-3C92-4D19-AD0F-E49AB0B46690}
	EndGlobalSection
EndGlobal
