
Microsoft Visual Studio Solution File, Format Version 12.00
# Visual Studio 15
VisualStudioVersion = 15.0.27130.2036
MinimumVisualStudioVersion = 10.0.40219.1
Project("{FAE04EC0-301F-11D3-BF4B-00C04F79EFBC}") = "01_Need-For-Speed", "01_Need-For-Speed\01_Need-For-Speed.csproj", "{10C403D9-33EB-4228-8CD0-EBC7E3652292}"
EndProject
Global
	GlobalSection(SolutionConfigurationPlatforms) = preSolution
		Debug|Any CPU = Debug|Any CPU
		Release|Any CPU = Release|Any CPU
	EndGlobalSection
	GlobalSection(ProjectConfigurationPlatforms) = postSolution
		{10C403D9-33EB-4228-8CD0-EBC7E3652292}.Debug|Any CPU.ActiveCfg = Debug|Any CPU
		{10C403D9-33EB-4228-8CD0-EBC7E3652292}.Debug|Any CPU.Build.0 = Debug|Any CPU
		{10C403D9-33EB-4228-8CD0-EBC7E3652292}.Release|Any CPU.ActiveCfg = Release|Any CPU
		{10C403D9-33EB-4228-8CD0-EBC7E3652292}.Release|Any CPU.Build.0 = Release|Any CPU
	EndGlobalSection
	GlobalSection(SolutionProperties) = preSolution
		HideSolutionNode = FALSE
	EndGlobalSection
	GlobalSection(ExtensibilityGlobals) = postSolution
		SolutionGuid = {DD792960-FE2C-4293-9BD3-5D133AB22060}
	EndGlobalSection
EndGlobal
