
Microsoft Visual Studio Solution File, Format Version 12.00
# Visual Studio 15
VisualStudioVersion = 15.0.27130.2036
MinimumVisualStudioVersion = 10.0.40219.1
Project("{FAE04EC0-301F-11D3-BF4B-00C04F79EFBC}") = "01-06_Generic-Box", "00_Generic-Box\01-06_Generic-Box.csproj", "{1880FDDA-BD5B-4307-8D2E-1FF681CE4014}"
EndProject
Project("{FAE04EC0-301F-11D3-BF4B-00C04F79EFBC}") = "07-09_Custom-List", "07_Custom-List\07-09_Custom-List.csproj", "{01B95B19-4D44-4007-A25B-71C21D75D9AD}"
EndProject
Project("{FAE04EC0-301F-11D3-BF4B-00C04F79EFBC}") = "10_Tuple", "10_Tuple\10_Tuple.csproj", "{EB0EDDEE-EE87-4249-B197-DEC8154D546E}"
EndProject
Project("{FAE04EC0-301F-11D3-BF4B-00C04F79EFBC}") = "11_Threeuple", "11_Threeuple\11_Threeuple.csproj", "{0036ED3E-A4BE-4DFD-84F6-DCBEBBFCEA5C}"
EndProject
Global
	GlobalSection(SolutionConfigurationPlatforms) = preSolution
		Debug|Any CPU = Debug|Any CPU
		Release|Any CPU = Release|Any CPU
	EndGlobalSection
	GlobalSection(ProjectConfigurationPlatforms) = postSolution
		{1880FDDA-BD5B-4307-8D2E-1FF681CE4014}.Debug|Any CPU.ActiveCfg = Debug|Any CPU
		{1880FDDA-BD5B-4307-8D2E-1FF681CE4014}.Debug|Any CPU.Build.0 = Debug|Any CPU
		{1880FDDA-BD5B-4307-8D2E-1FF681CE4014}.Release|Any CPU.ActiveCfg = Release|Any CPU
		{1880FDDA-BD5B-4307-8D2E-1FF681CE4014}.Release|Any CPU.Build.0 = Release|Any CPU
		{01B95B19-4D44-4007-A25B-71C21D75D9AD}.Debug|Any CPU.ActiveCfg = Debug|Any CPU
		{01B95B19-4D44-4007-A25B-71C21D75D9AD}.Debug|Any CPU.Build.0 = Debug|Any CPU
		{01B95B19-4D44-4007-A25B-71C21D75D9AD}.Release|Any CPU.ActiveCfg = Release|Any CPU
		{01B95B19-4D44-4007-A25B-71C21D75D9AD}.Release|Any CPU.Build.0 = Release|Any CPU
		{EB0EDDEE-EE87-4249-B197-DEC8154D546E}.Debug|Any CPU.ActiveCfg = Debug|Any CPU
		{EB0EDDEE-EE87-4249-B197-DEC8154D546E}.Debug|Any CPU.Build.0 = Debug|Any CPU
		{EB0EDDEE-EE87-4249-B197-DEC8154D546E}.Release|Any CPU.ActiveCfg = Release|Any CPU
		{EB0EDDEE-EE87-4249-B197-DEC8154D546E}.Release|Any CPU.Build.0 = Release|Any CPU
		{0036ED3E-A4BE-4DFD-84F6-DCBEBBFCEA5C}.Debug|Any CPU.ActiveCfg = Debug|Any CPU
		{0036ED3E-A4BE-4DFD-84F6-DCBEBBFCEA5C}.Debug|Any CPU.Build.0 = Debug|Any CPU
		{0036ED3E-A4BE-4DFD-84F6-DCBEBBFCEA5C}.Release|Any CPU.ActiveCfg = Release|Any CPU
		{0036ED3E-A4BE-4DFD-84F6-DCBEBBFCEA5C}.Release|Any CPU.Build.0 = Release|Any CPU
	EndGlobalSection
	GlobalSection(SolutionProperties) = preSolution
		HideSolutionNode = FALSE
	EndGlobalSection
	GlobalSection(ExtensibilityGlobals) = postSolution
		SolutionGuid = {ADD7B3BE-A6B7-4BC0-BAEF-B36BC133ADBD}
	EndGlobalSection
EndGlobal
