
Microsoft Visual Studio Solution File, Format Version 12.00
# Visual Studio 15
VisualStudioVersion = 15.0.27130.2027
MinimumVisualStudioVersion = 10.0.40219.1
Project("{9A19103F-16F7-4668-BE54-9A1E7A4F7556}") = "01_Person", "01_Person\01_Person.csproj", "{45628E56-0085-4AB1-AF83-30A5060A7C6E}"
EndProject
Project("{9A19103F-16F7-4668-BE54-9A1E7A4F7556}") = "02_Book-Shop", "02_Book-Shop\02_Book-Shop.csproj", "{EAA2B582-28F4-4443-B9DB-A6ADFDDC0580}"
EndProject
Project("{9A19103F-16F7-4668-BE54-9A1E7A4F7556}") = "03_Mankind", "03_Mankind\03_Mankind.csproj", "{C2EC9143-F4D9-46FF-8B6B-D6BABF392F48}"
EndProject
Project("{FAE04EC0-301F-11D3-BF4B-00C04F79EFBC}") = "04_Online-Radio-Database", "04_Online-Radio-Database\04_Online-Radio-Database.csproj", "{349E2B00-2A37-40C6-98B3-5E2A9EB5BE53}"
EndProject
Project("{FAE04EC0-301F-11D3-BF4B-00C04F79EFBC}") = "06_Animals", "06_Animals\06_Animals.csproj", "{12B5442F-0833-4BDA-B9C2-F8472FCCBFBC}"
EndProject
Project("{FAE04EC0-301F-11D3-BF4B-00C04F79EFBC}") = "05_Mordors-Cruelty-Plan", "05_Mordors-Cruelty-Plan\05_Mordors-Cruelty-Plan.csproj", "{1BB9017C-7BAA-4589-9C29-4B5D811A87E2}"
EndProject
Global
	GlobalSection(SolutionConfigurationPlatforms) = preSolution
		Debug|Any CPU = Debug|Any CPU
		Release|Any CPU = Release|Any CPU
	EndGlobalSection
	GlobalSection(ProjectConfigurationPlatforms) = postSolution
		{45628E56-0085-4AB1-AF83-30A5060A7C6E}.Debug|Any CPU.ActiveCfg = Debug|Any CPU
		{45628E56-0085-4AB1-AF83-30A5060A7C6E}.Debug|Any CPU.Build.0 = Debug|Any CPU
		{45628E56-0085-4AB1-AF83-30A5060A7C6E}.Release|Any CPU.ActiveCfg = Release|Any CPU
		{45628E56-0085-4AB1-AF83-30A5060A7C6E}.Release|Any CPU.Build.0 = Release|Any CPU
		{EAA2B582-28F4-4443-B9DB-A6ADFDDC0580}.Debug|Any CPU.ActiveCfg = Debug|Any CPU
		{EAA2B582-28F4-4443-B9DB-A6ADFDDC0580}.Debug|Any CPU.Build.0 = Debug|Any CPU
		{EAA2B582-28F4-4443-B9DB-A6ADFDDC0580}.Release|Any CPU.ActiveCfg = Release|Any CPU
		{EAA2B582-28F4-4443-B9DB-A6ADFDDC0580}.Release|Any CPU.Build.0 = Release|Any CPU
		{C2EC9143-F4D9-46FF-8B6B-D6BABF392F48}.Debug|Any CPU.ActiveCfg = Debug|Any CPU
		{C2EC9143-F4D9-46FF-8B6B-D6BABF392F48}.Debug|Any CPU.Build.0 = Debug|Any CPU
		{C2EC9143-F4D9-46FF-8B6B-D6BABF392F48}.Release|Any CPU.ActiveCfg = Release|Any CPU
		{C2EC9143-F4D9-46FF-8B6B-D6BABF392F48}.Release|Any CPU.Build.0 = Release|Any CPU
		{349E2B00-2A37-40C6-98B3-5E2A9EB5BE53}.Debug|Any CPU.ActiveCfg = Debug|Any CPU
		{349E2B00-2A37-40C6-98B3-5E2A9EB5BE53}.Debug|Any CPU.Build.0 = Debug|Any CPU
		{349E2B00-2A37-40C6-98B3-5E2A9EB5BE53}.Release|Any CPU.ActiveCfg = Release|Any CPU
		{349E2B00-2A37-40C6-98B3-5E2A9EB5BE53}.Release|Any CPU.Build.0 = Release|Any CPU
		{12B5442F-0833-4BDA-B9C2-F8472FCCBFBC}.Debug|Any CPU.ActiveCfg = Debug|Any CPU
		{12B5442F-0833-4BDA-B9C2-F8472FCCBFBC}.Debug|Any CPU.Build.0 = Debug|Any CPU
		{12B5442F-0833-4BDA-B9C2-F8472FCCBFBC}.Release|Any CPU.ActiveCfg = Release|Any CPU
		{12B5442F-0833-4BDA-B9C2-F8472FCCBFBC}.Release|Any CPU.Build.0 = Release|Any CPU
		{1BB9017C-7BAA-4589-9C29-4B5D811A87E2}.Debug|Any CPU.ActiveCfg = Debug|Any CPU
		{1BB9017C-7BAA-4589-9C29-4B5D811A87E2}.Debug|Any CPU.Build.0 = Debug|Any CPU
		{1BB9017C-7BAA-4589-9C29-4B5D811A87E2}.Release|Any CPU.ActiveCfg = Release|Any CPU
		{1BB9017C-7BAA-4589-9C29-4B5D811A87E2}.Release|Any CPU.Build.0 = Release|Any CPU
	EndGlobalSection
	GlobalSection(SolutionProperties) = preSolution
		HideSolutionNode = FALSE
	EndGlobalSection
	GlobalSection(ExtensibilityGlobals) = postSolution
		SolutionGuid = {6229F7E4-1563-4910-A0B4-F75DA1665D22}
	EndGlobalSection
EndGlobal
