
Microsoft Visual Studio Solution File, Format Version 12.00
# Visual Studio 15
VisualStudioVersion = 15.0.26730.15
MinimumVisualStudioVersion = 10.0.40219.1
Project("{FAE04EC0-301F-11D3-BF4B-00C04F79EFBC}") = "01. Parking-Lot", "01. Parking-Lot\01. Parking-Lot.csproj", "{A25AEF1D-E7B0-4338-86FA-0804F643F5A9}"
EndProject
Project("{FAE04EC0-301F-11D3-BF4B-00C04F79EFBC}") = "02. SoftUni-Party", "02. SoftUni-Party\02. SoftUni-Party.csproj", "{6ACECE81-1E91-4F7A-8B57-65ADDCD6B182}"
EndProject
Project("{FAE04EC0-301F-11D3-BF4B-00C04F79EFBC}") = "03. Count-Same-Values-In-Array", "03. Count-Same-Values-In-Array\03. Count-Same-Values-In-Array.csproj", "{30343C99-0AE2-44BA-A678-4039937F8FDF}"
EndProject
Project("{FAE04EC0-301F-11D3-BF4B-00C04F79EFBC}") = "04. Academy-Graduation", "04. Academy-Graduation\04. Academy-Graduation.csproj", "{251557FD-0783-43E9-BAE0-E2136955F4C2}"
EndProject
Global
	GlobalSection(SolutionConfigurationPlatforms) = preSolution
		Debug|Any CPU = Debug|Any CPU
		Release|Any CPU = Release|Any CPU
	EndGlobalSection
	GlobalSection(ProjectConfigurationPlatforms) = postSolution
		{A25AEF1D-E7B0-4338-86FA-0804F643F5A9}.Debug|Any CPU.ActiveCfg = Debug|Any CPU
		{A25AEF1D-E7B0-4338-86FA-0804F643F5A9}.Debug|Any CPU.Build.0 = Debug|Any CPU
		{A25AEF1D-E7B0-4338-86FA-0804F643F5A9}.Release|Any CPU.ActiveCfg = Release|Any CPU
		{A25AEF1D-E7B0-4338-86FA-0804F643F5A9}.Release|Any CPU.Build.0 = Release|Any CPU
		{6ACECE81-1E91-4F7A-8B57-65ADDCD6B182}.Debug|Any CPU.ActiveCfg = Debug|Any CPU
		{6ACECE81-1E91-4F7A-8B57-65ADDCD6B182}.Debug|Any CPU.Build.0 = Debug|Any CPU
		{6ACECE81-1E91-4F7A-8B57-65ADDCD6B182}.Release|Any CPU.ActiveCfg = Release|Any CPU
		{6ACECE81-1E91-4F7A-8B57-65ADDCD6B182}.Release|Any CPU.Build.0 = Release|Any CPU
		{30343C99-0AE2-44BA-A678-4039937F8FDF}.Debug|Any CPU.ActiveCfg = Debug|Any CPU
		{30343C99-0AE2-44BA-A678-4039937F8FDF}.Debug|Any CPU.Build.0 = Debug|Any CPU
		{30343C99-0AE2-44BA-A678-4039937F8FDF}.Release|Any CPU.ActiveCfg = Release|Any CPU
		{30343C99-0AE2-44BA-A678-4039937F8FDF}.Release|Any CPU.Build.0 = Release|Any CPU
		{251557FD-0783-43E9-BAE0-E2136955F4C2}.Debug|Any CPU.ActiveCfg = Debug|Any CPU
		{251557FD-0783-43E9-BAE0-E2136955F4C2}.Debug|Any CPU.Build.0 = Debug|Any CPU
		{251557FD-0783-43E9-BAE0-E2136955F4C2}.Release|Any CPU.ActiveCfg = Release|Any CPU
		{251557FD-0783-43E9-BAE0-E2136955F4C2}.Release|Any CPU.Build.0 = Release|Any CPU
	EndGlobalSection
	GlobalSection(SolutionProperties) = preSolution
		HideSolutionNode = FALSE
	EndGlobalSection
	GlobalSection(ExtensibilityGlobals) = postSolution
		SolutionGuid = {74CF2399-B49B-4643-B5D7-9D10949B14AF}
	EndGlobalSection
EndGlobal
