
Microsoft Visual Studio Solution File, Format Version 12.00
# Visual Studio 15
VisualStudioVersion = 15.0.26730.15
MinimumVisualStudioVersion = 10.0.40219.1
Project("{FAE04EC0-301F-11D3-BF4B-00C04F79EFBC}") = "01. Matrix-Of-Palindromes", "01. Matrix-Of-Palindromes\01. Matrix-Of-Palindromes.csproj", "{591A5AFE-2C30-4EC6-AB5F-21293A607F40}"
EndProject
Project("{FAE04EC0-301F-11D3-BF4B-00C04F79EFBC}") = "02. Diagonal-Difference", "02. Diagonal-Difference\02. Diagonal-Difference.csproj", "{153248D2-C07A-44BB-95D5-2737BD3115E9}"
EndProject
Project("{FAE04EC0-301F-11D3-BF4B-00C04F79EFBC}") = "03. Squares-In-Matrix", "03. Squares-In-Matrix\03. Squares-In-Matrix.csproj", "{C42420EC-3FAC-442D-B592-3DA2E9B0A343}"
EndProject
Project("{FAE04EC0-301F-11D3-BF4B-00C04F79EFBC}") = "04. Max-Sum", "04. Max-Sum\04. Max-Sum.csproj", "{E309875C-4B71-44A2-A015-28E3DB3D9C52}"
EndProject
Project("{FAE04EC0-301F-11D3-BF4B-00C04F79EFBC}") = "05. Rubik`s-Matrix", "05. Rubik`s-Matrix\05. Rubik`s-Matrix.csproj", "{36BC372B-EADB-40F4-9043-FBAE90AD1670}"
EndProject
Project("{FAE04EC0-301F-11D3-BF4B-00C04F79EFBC}") = "06. Target-Practise", "06. Target-Practise\06. Target-Practise.csproj", "{506E57BA-3181-4454-BD41-CFE3FECFE77E}"
EndProject
Project("{FAE04EC0-301F-11D3-BF4B-00C04F79EFBC}") = "07. Lego-Blocks", "07. Lego-Blocks\07. Lego-Blocks.csproj", "{F115C52E-3004-436A-BC05-551FA3DF67D1}"
EndProject
Project("{FAE04EC0-301F-11D3-BF4B-00C04F79EFBC}") = "08. Radioactive-Mutant-Vampire-Bunnies", "08. Radioactive-Mutant-Vampire-Bunnies\08. Radioactive-Mutant-Vampire-Bunnies.csproj", "{38FEE87A-469E-444E-BA65-9328343CF50F}"
EndProject
Project("{FAE04EC0-301F-11D3-BF4B-00C04F79EFBC}") = "09. Crossfire", "09. Crossfire\09. Crossfire.csproj", "{CC3769DD-F483-472D-8DBD-47EAECBDEB24}"
EndProject
Project("{FAE04EC0-301F-11D3-BF4B-00C04F79EFBC}") = "10. The-Heigan-Dance", "10. The-Heigan-Dance\10. The-Heigan-Dance.csproj", "{55788FDB-21BD-44ED-903F-42F234CCB083}"
EndProject
Project("{FAE04EC0-301F-11D3-BF4B-00C04F79EFBC}") = "11. Parking-System", "11. Parking-System\11. Parking-System.csproj", "{670B5D2F-A859-46A5-A20C-083C3745214A}"
EndProject
Project("{FAE04EC0-301F-11D3-BF4B-00C04F79EFBC}") = "12. String-Matrix-Rotation", "12. String-Matrix-Rotation\12. String-Matrix-Rotation.csproj", "{839A6646-6FA1-4500-B743-F2B9AF2EEAA0}"
EndProject
Global
	GlobalSection(SolutionConfigurationPlatforms) = preSolution
		Debug|Any CPU = Debug|Any CPU
		Release|Any CPU = Release|Any CPU
	EndGlobalSection
	GlobalSection(ProjectConfigurationPlatforms) = postSolution
		{591A5AFE-2C30-4EC6-AB5F-21293A607F40}.Debug|Any CPU.ActiveCfg = Debug|Any CPU
		{591A5AFE-2C30-4EC6-AB5F-21293A607F40}.Debug|Any CPU.Build.0 = Debug|Any CPU
		{591A5AFE-2C30-4EC6-AB5F-21293A607F40}.Release|Any CPU.ActiveCfg = Release|Any CPU
		{591A5AFE-2C30-4EC6-AB5F-21293A607F40}.Release|Any CPU.Build.0 = Release|Any CPU
		{153248D2-C07A-44BB-95D5-2737BD3115E9}.Debug|Any CPU.ActiveCfg = Debug|Any CPU
		{153248D2-C07A-44BB-95D5-2737BD3115E9}.Debug|Any CPU.Build.0 = Debug|Any CPU
		{153248D2-C07A-44BB-95D5-2737BD3115E9}.Release|Any CPU.ActiveCfg = Release|Any CPU
		{153248D2-C07A-44BB-95D5-2737BD3115E9}.Release|Any CPU.Build.0 = Release|Any CPU
		{C42420EC-3FAC-442D-B592-3DA2E9B0A343}.Debug|Any CPU.ActiveCfg = Debug|Any CPU
		{C42420EC-3FAC-442D-B592-3DA2E9B0A343}.Debug|Any CPU.Build.0 = Debug|Any CPU
		{C42420EC-3FAC-442D-B592-3DA2E9B0A343}.Release|Any CPU.ActiveCfg = Release|Any CPU
		{C42420EC-3FAC-442D-B592-3DA2E9B0A343}.Release|Any CPU.Build.0 = Release|Any CPU
		{E309875C-4B71-44A2-A015-28E3DB3D9C52}.Debug|Any CPU.ActiveCfg = Debug|Any CPU
		{E309875C-4B71-44A2-A015-28E3DB3D9C52}.Debug|Any CPU.Build.0 = Debug|Any CPU
		{E309875C-4B71-44A2-A015-28E3DB3D9C52}.Release|Any CPU.ActiveCfg = Release|Any CPU
		{E309875C-4B71-44A2-A015-28E3DB3D9C52}.Release|Any CPU.Build.0 = Release|Any CPU
		{36BC372B-EADB-40F4-9043-FBAE90AD1670}.Debug|Any CPU.ActiveCfg = Debug|Any CPU
		{36BC372B-EADB-40F4-9043-FBAE90AD1670}.Debug|Any CPU.Build.0 = Debug|Any CPU
		{36BC372B-EADB-40F4-9043-FBAE90AD1670}.Release|Any CPU.ActiveCfg = Release|Any CPU
		{36BC372B-EADB-40F4-9043-FBAE90AD1670}.Release|Any CPU.Build.0 = Release|Any CPU
		{506E57BA-3181-4454-BD41-CFE3FECFE77E}.Debug|Any CPU.ActiveCfg = Debug|Any CPU
		{506E57BA-3181-4454-BD41-CFE3FECFE77E}.Debug|Any CPU.Build.0 = Debug|Any CPU
		{506E57BA-3181-4454-BD41-CFE3FECFE77E}.Release|Any CPU.ActiveCfg = Release|Any CPU
		{506E57BA-3181-4454-BD41-CFE3FECFE77E}.Release|Any CPU.Build.0 = Release|Any CPU
		{F115C52E-3004-436A-BC05-551FA3DF67D1}.Debug|Any CPU.ActiveCfg = Debug|Any CPU
		{F115C52E-3004-436A-BC05-551FA3DF67D1}.Debug|Any CPU.Build.0 = Debug|Any CPU
		{F115C52E-3004-436A-BC05-551FA3DF67D1}.Release|Any CPU.ActiveCfg = Release|Any CPU
		{F115C52E-3004-436A-BC05-551FA3DF67D1}.Release|Any CPU.Build.0 = Release|Any CPU
		{38FEE87A-469E-444E-BA65-9328343CF50F}.Debug|Any CPU.ActiveCfg = Debug|Any CPU
		{38FEE87A-469E-444E-BA65-9328343CF50F}.Debug|Any CPU.Build.0 = Debug|Any CPU
		{38FEE87A-469E-444E-BA65-9328343CF50F}.Release|Any CPU.ActiveCfg = Release|Any CPU
		{38FEE87A-469E-444E-BA65-9328343CF50F}.Release|Any CPU.Build.0 = Release|Any CPU
		{CC3769DD-F483-472D-8DBD-47EAECBDEB24}.Debug|Any CPU.ActiveCfg = Debug|Any CPU
		{CC3769DD-F483-472D-8DBD-47EAECBDEB24}.Debug|Any CPU.Build.0 = Debug|Any CPU
		{CC3769DD-F483-472D-8DBD-47EAECBDEB24}.Release|Any CPU.ActiveCfg = Release|Any CPU
		{CC3769DD-F483-472D-8DBD-47EAECBDEB24}.Release|Any CPU.Build.0 = Release|Any CPU
		{55788FDB-21BD-44ED-903F-42F234CCB083}.Debug|Any CPU.ActiveCfg = Debug|Any CPU
		{55788FDB-21BD-44ED-903F-42F234CCB083}.Debug|Any CPU.Build.0 = Debug|Any CPU
		{55788FDB-21BD-44ED-903F-42F234CCB083}.Release|Any CPU.ActiveCfg = Release|Any CPU
		{55788FDB-21BD-44ED-903F-42F234CCB083}.Release|Any CPU.Build.0 = Release|Any CPU
		{670B5D2F-A859-46A5-A20C-083C3745214A}.Debug|Any CPU.ActiveCfg = Debug|Any CPU
		{670B5D2F-A859-46A5-A20C-083C3745214A}.Debug|Any CPU.Build.0 = Debug|Any CPU
		{670B5D2F-A859-46A5-A20C-083C3745214A}.Release|Any CPU.ActiveCfg = Release|Any CPU
		{670B5D2F-A859-46A5-A20C-083C3745214A}.Release|Any CPU.Build.0 = Release|Any CPU
		{839A6646-6FA1-4500-B743-F2B9AF2EEAA0}.Debug|Any CPU.ActiveCfg = Debug|Any CPU
		{839A6646-6FA1-4500-B743-F2B9AF2EEAA0}.Debug|Any CPU.Build.0 = Debug|Any CPU
		{839A6646-6FA1-4500-B743-F2B9AF2EEAA0}.Release|Any CPU.ActiveCfg = Release|Any CPU
		{839A6646-6FA1-4500-B743-F2B9AF2EEAA0}.Release|Any CPU.Build.0 = Release|Any CPU
	EndGlobalSection
	GlobalSection(SolutionProperties) = preSolution
		HideSolutionNode = FALSE
	EndGlobalSection
	GlobalSection(ExtensibilityGlobals) = postSolution
		SolutionGuid = {71948C95-4A08-4EA4-BD41-76630B376CBC}
	EndGlobalSection
EndGlobal
