
Microsoft Visual Studio Solution File, Format Version 12.00
# Visual Studio 15
VisualStudioVersion = 15.0.27130.2036
MinimumVisualStudioVersion = 10.0.40219.1
Project("{9A19103F-16F7-4668-BE54-9A1E7A4F7556}") = "01-02_ListyIterator", "01_ListyIterator\01-02_ListyIterator.csproj", "{BA225D51-3F25-4638-A347-55708ECA079A}"
EndProject
Project("{9A19103F-16F7-4668-BE54-9A1E7A4F7556}") = "03_Stack", "03_Stack\03_Stack.csproj", "{43D7487B-10F2-451B-AADE-825E8436F8CB}"
EndProject
Project("{9A19103F-16F7-4668-BE54-9A1E7A4F7556}") = "04_Froggy", "04_Froggy\04_Froggy.csproj", "{55605EF0-E038-4F94-A21D-9C24646DA1DC}"
EndProject
Project("{9A19103F-16F7-4668-BE54-9A1E7A4F7556}") = "05_Comparing-Objects", "05_Comparing-Objects\05_Comparing-Objects.csproj", "{F1AEC5E8-7118-442C-BFFB-F2414B71D04D}"
EndProject
Project("{FAE04EC0-301F-11D3-BF4B-00C04F79EFBC}") = "06_Strategy-Pattern", "06_Strategy-Pattern\06_Strategy-Pattern.csproj", "{1B17B8B9-422A-4BA8-BB25-97712C84F50E}"
EndProject
Project("{FAE04EC0-301F-11D3-BF4B-00C04F79EFBC}") = "07_Equality-Logic", "07_Equality-Logic\07_Equality-Logic.csproj", "{92F08A25-1CB2-464B-9530-BEC663EA4BD4}"
EndProject
Global
	GlobalSection(SolutionConfigurationPlatforms) = preSolution
		Debug|Any CPU = Debug|Any CPU
		Release|Any CPU = Release|Any CPU
	EndGlobalSection
	GlobalSection(ProjectConfigurationPlatforms) = postSolution
		{BA225D51-3F25-4638-A347-55708ECA079A}.Debug|Any CPU.ActiveCfg = Debug|Any CPU
		{BA225D51-3F25-4638-A347-55708ECA079A}.Debug|Any CPU.Build.0 = Debug|Any CPU
		{BA225D51-3F25-4638-A347-55708ECA079A}.Release|Any CPU.ActiveCfg = Release|Any CPU
		{BA225D51-3F25-4638-A347-55708ECA079A}.Release|Any CPU.Build.0 = Release|Any CPU
		{43D7487B-10F2-451B-AADE-825E8436F8CB}.Debug|Any CPU.ActiveCfg = Debug|Any CPU
		{43D7487B-10F2-451B-AADE-825E8436F8CB}.Debug|Any CPU.Build.0 = Debug|Any CPU
		{43D7487B-10F2-451B-AADE-825E8436F8CB}.Release|Any CPU.ActiveCfg = Release|Any CPU
		{43D7487B-10F2-451B-AADE-825E8436F8CB}.Release|Any CPU.Build.0 = Release|Any CPU
		{55605EF0-E038-4F94-A21D-9C24646DA1DC}.Debug|Any CPU.ActiveCfg = Debug|Any CPU
		{55605EF0-E038-4F94-A21D-9C24646DA1DC}.Debug|Any CPU.Build.0 = Debug|Any CPU
		{55605EF0-E038-4F94-A21D-9C24646DA1DC}.Release|Any CPU.ActiveCfg = Release|Any CPU
		{55605EF0-E038-4F94-A21D-9C24646DA1DC}.Release|Any CPU.Build.0 = Release|Any CPU
		{F1AEC5E8-7118-442C-BFFB-F2414B71D04D}.Debug|Any CPU.ActiveCfg = Debug|Any CPU
		{F1AEC5E8-7118-442C-BFFB-F2414B71D04D}.Debug|Any CPU.Build.0 = Debug|Any CPU
		{F1AEC5E8-7118-442C-BFFB-F2414B71D04D}.Release|Any CPU.ActiveCfg = Release|Any CPU
		{F1AEC5E8-7118-442C-BFFB-F2414B71D04D}.Release|Any CPU.Build.0 = Release|Any CPU
		{1B17B8B9-422A-4BA8-BB25-97712C84F50E}.Debug|Any CPU.ActiveCfg = Debug|Any CPU
		{1B17B8B9-422A-4BA8-BB25-97712C84F50E}.Debug|Any CPU.Build.0 = Debug|Any CPU
		{1B17B8B9-422A-4BA8-BB25-97712C84F50E}.Release|Any CPU.ActiveCfg = Release|Any CPU
		{1B17B8B9-422A-4BA8-BB25-97712C84F50E}.Release|Any CPU.Build.0 = Release|Any CPU
		{92F08A25-1CB2-464B-9530-BEC663EA4BD4}.Debug|Any CPU.ActiveCfg = Debug|Any CPU
		{92F08A25-1CB2-464B-9530-BEC663EA4BD4}.Debug|Any CPU.Build.0 = Debug|Any CPU
		{92F08A25-1CB2-464B-9530-BEC663EA4BD4}.Release|Any CPU.ActiveCfg = Release|Any CPU
		{92F08A25-1CB2-464B-9530-BEC663EA4BD4}.Release|Any CPU.Build.0 = Release|Any CPU
	EndGlobalSection
	GlobalSection(SolutionProperties) = preSolution
		HideSolutionNode = FALSE
	EndGlobalSection
	GlobalSection(ExtensibilityGlobals) = postSolution
		SolutionGuid = {91F25BD8-060E-4CEC-A1B4-C10493A59A7B}
	EndGlobalSection
EndGlobal
