
Microsoft Visual Studio Solution File, Format Version 12.00
# Visual Studio 15
VisualStudioVersion = 15.0.26730.15
MinimumVisualStudioVersion = 10.0.40219.1
Project("{FAE04EC0-301F-11D3-BF4B-00C04F79EFBC}") = "01. Unique-Usernames", "01. Unique-Usernames\01. Unique-Usernames.csproj", "{C0CEC869-D1FD-4227-A7B0-2EBC91C953A3}"
EndProject
Project("{FAE04EC0-301F-11D3-BF4B-00C04F79EFBC}") = "02. Sets-Of-Elements", "02. Sets-Of-Elements\02. Sets-Of-Elements.csproj", "{6E0E5666-B4FA-4506-A855-976CCED829DC}"
EndProject
Project("{FAE04EC0-301F-11D3-BF4B-00C04F79EFBC}") = "03. Periodic-Tables", "03. Periodic-Tables\03. Periodic-Tables.csproj", "{14CBD1A4-7D41-4F47-8554-F0833E8E547B}"
EndProject
Project("{FAE04EC0-301F-11D3-BF4B-00C04F79EFBC}") = "04. Count-Symbols", "04. Count-Symbols\04. Count-Symbols.csproj", "{2A3C0ED0-44D8-4424-82F5-124A62C2B9BB}"
EndProject
Project("{FAE04EC0-301F-11D3-BF4B-00C04F79EFBC}") = "05. Phonebook", "05. Phonebook\05. Phonebook.csproj", "{ABA66C17-6AA9-4D3E-AD60-BC7E1DAEE853}"
EndProject
Project("{FAE04EC0-301F-11D3-BF4B-00C04F79EFBC}") = "06. A-Miner-Task", "05. A-Miner-Task\06. A-Miner-Task.csproj", "{20FF14A3-18B4-4F1B-8F0B-CE4D9DBD5131}"
EndProject
Project("{FAE04EC0-301F-11D3-BF4B-00C04F79EFBC}") = "07. Fix-Emails", "07. Fix-Emails\07. Fix-Emails.csproj", "{59E39EA2-7276-434A-AD59-F2104396C3A7}"
EndProject
Project("{FAE04EC0-301F-11D3-BF4B-00C04F79EFBC}") = "08. Hands-Of-Cards", "08. Hands-Of-Cards\08. Hands-Of-Cards.csproj", "{0487B527-3BF3-46D9-941D-1851D97C3E8B}"
EndProject
Project("{FAE04EC0-301F-11D3-BF4B-00C04F79EFBC}") = "09. User-Logs", "09. User-Logs\09. User-Logs.csproj", "{11CB9018-25BD-4576-87F2-FA5A772CB6AB}"
EndProject
Project("{FAE04EC0-301F-11D3-BF4B-00C04F79EFBC}") = "10. Population-Counter", "10. Population-Counter\10. Population-Counter.csproj", "{0C775230-A115-4684-9049-EC0838B0398B}"
EndProject
Project("{FAE04EC0-301F-11D3-BF4B-00C04F79EFBC}") = "11. Logs-Aggregator", "11. Logs-Aggregator\11. Logs-Aggregator.csproj", "{3C7D1D90-22A0-4502-B207-328FD2DAC1B1}"
EndProject
Project("{FAE04EC0-301F-11D3-BF4B-00C04F79EFBC}") = "12. Legendary-Farming", "12. Legendary-Farming\12. Legendary-Farming.csproj", "{BF014E06-92B4-476F-9F56-3F750D007FA4}"
EndProject
Project("{FAE04EC0-301F-11D3-BF4B-00C04F79EFBC}") = "13. Сръбско-Unleashed", "13. Сръбско-Unleashed\13. Сръбско-Unleashed.csproj", "{BC07B130-7E37-4280-967D-04807DB007EC}"
EndProject
Project("{FAE04EC0-301F-11D3-BF4B-00C04F79EFBC}") = "14. Dragon-Army", "14. Dragon-Army\14. Dragon-Army.csproj", "{C99FBB91-3FE6-4400-AF85-EF813001C02B}"
EndProject
Global
	GlobalSection(SolutionConfigurationPlatforms) = preSolution
		Debug|Any CPU = Debug|Any CPU
		Release|Any CPU = Release|Any CPU
	EndGlobalSection
	GlobalSection(ProjectConfigurationPlatforms) = postSolution
		{C0CEC869-D1FD-4227-A7B0-2EBC91C953A3}.Debug|Any CPU.ActiveCfg = Debug|Any CPU
		{C0CEC869-D1FD-4227-A7B0-2EBC91C953A3}.Debug|Any CPU.Build.0 = Debug|Any CPU
		{C0CEC869-D1FD-4227-A7B0-2EBC91C953A3}.Release|Any CPU.ActiveCfg = Release|Any CPU
		{C0CEC869-D1FD-4227-A7B0-2EBC91C953A3}.Release|Any CPU.Build.0 = Release|Any CPU
		{6E0E5666-B4FA-4506-A855-976CCED829DC}.Debug|Any CPU.ActiveCfg = Debug|Any CPU
		{6E0E5666-B4FA-4506-A855-976CCED829DC}.Debug|Any CPU.Build.0 = Debug|Any CPU
		{6E0E5666-B4FA-4506-A855-976CCED829DC}.Release|Any CPU.ActiveCfg = Release|Any CPU
		{6E0E5666-B4FA-4506-A855-976CCED829DC}.Release|Any CPU.Build.0 = Release|Any CPU
		{14CBD1A4-7D41-4F47-8554-F0833E8E547B}.Debug|Any CPU.ActiveCfg = Debug|Any CPU
		{14CBD1A4-7D41-4F47-8554-F0833E8E547B}.Debug|Any CPU.Build.0 = Debug|Any CPU
		{14CBD1A4-7D41-4F47-8554-F0833E8E547B}.Release|Any CPU.ActiveCfg = Release|Any CPU
		{14CBD1A4-7D41-4F47-8554-F0833E8E547B}.Release|Any CPU.Build.0 = Release|Any CPU
		{2A3C0ED0-44D8-4424-82F5-124A62C2B9BB}.Debug|Any CPU.ActiveCfg = Debug|Any CPU
		{2A3C0ED0-44D8-4424-82F5-124A62C2B9BB}.Debug|Any CPU.Build.0 = Debug|Any CPU
		{2A3C0ED0-44D8-4424-82F5-124A62C2B9BB}.Release|Any CPU.ActiveCfg = Release|Any CPU
		{2A3C0ED0-44D8-4424-82F5-124A62C2B9BB}.Release|Any CPU.Build.0 = Release|Any CPU
		{ABA66C17-6AA9-4D3E-AD60-BC7E1DAEE853}.Debug|Any CPU.ActiveCfg = Debug|Any CPU
		{ABA66C17-6AA9-4D3E-AD60-BC7E1DAEE853}.Debug|Any CPU.Build.0 = Debug|Any CPU
		{ABA66C17-6AA9-4D3E-AD60-BC7E1DAEE853}.Release|Any CPU.ActiveCfg = Release|Any CPU
		{ABA66C17-6AA9-4D3E-AD60-BC7E1DAEE853}.Release|Any CPU.Build.0 = Release|Any CPU
		{20FF14A3-18B4-4F1B-8F0B-CE4D9DBD5131}.Debug|Any CPU.ActiveCfg = Debug|Any CPU
		{20FF14A3-18B4-4F1B-8F0B-CE4D9DBD5131}.Debug|Any CPU.Build.0 = Debug|Any CPU
		{20FF14A3-18B4-4F1B-8F0B-CE4D9DBD5131}.Release|Any CPU.ActiveCfg = Release|Any CPU
		{20FF14A3-18B4-4F1B-8F0B-CE4D9DBD5131}.Release|Any CPU.Build.0 = Release|Any CPU
		{59E39EA2-7276-434A-AD59-F2104396C3A7}.Debug|Any CPU.ActiveCfg = Debug|Any CPU
		{59E39EA2-7276-434A-AD59-F2104396C3A7}.Debug|Any CPU.Build.0 = Debug|Any CPU
		{59E39EA2-7276-434A-AD59-F2104396C3A7}.Release|Any CPU.ActiveCfg = Release|Any CPU
		{59E39EA2-7276-434A-AD59-F2104396C3A7}.Release|Any CPU.Build.0 = Release|Any CPU
		{0487B527-3BF3-46D9-941D-1851D97C3E8B}.Debug|Any CPU.ActiveCfg = Debug|Any CPU
		{0487B527-3BF3-46D9-941D-1851D97C3E8B}.Debug|Any CPU.Build.0 = Debug|Any CPU
		{0487B527-3BF3-46D9-941D-1851D97C3E8B}.Release|Any CPU.ActiveCfg = Release|Any CPU
		{0487B527-3BF3-46D9-941D-1851D97C3E8B}.Release|Any CPU.Build.0 = Release|Any CPU
		{11CB9018-25BD-4576-87F2-FA5A772CB6AB}.Debug|Any CPU.ActiveCfg = Debug|Any CPU
		{11CB9018-25BD-4576-87F2-FA5A772CB6AB}.Debug|Any CPU.Build.0 = Debug|Any CPU
		{11CB9018-25BD-4576-87F2-FA5A772CB6AB}.Release|Any CPU.ActiveCfg = Release|Any CPU
		{11CB9018-25BD-4576-87F2-FA5A772CB6AB}.Release|Any CPU.Build.0 = Release|Any CPU
		{0C775230-A115-4684-9049-EC0838B0398B}.Debug|Any CPU.ActiveCfg = Debug|Any CPU
		{0C775230-A115-4684-9049-EC0838B0398B}.Debug|Any CPU.Build.0 = Debug|Any CPU
		{0C775230-A115-4684-9049-EC0838B0398B}.Release|Any CPU.ActiveCfg = Release|Any CPU
		{0C775230-A115-4684-9049-EC0838B0398B}.Release|Any CPU.Build.0 = Release|Any CPU
		{3C7D1D90-22A0-4502-B207-328FD2DAC1B1}.Debug|Any CPU.ActiveCfg = Debug|Any CPU
		{3C7D1D90-22A0-4502-B207-328FD2DAC1B1}.Debug|Any CPU.Build.0 = Debug|Any CPU
		{3C7D1D90-22A0-4502-B207-328FD2DAC1B1}.Release|Any CPU.ActiveCfg = Release|Any CPU
		{3C7D1D90-22A0-4502-B207-328FD2DAC1B1}.Release|Any CPU.Build.0 = Release|Any CPU
		{BF014E06-92B4-476F-9F56-3F750D007FA4}.Debug|Any CPU.ActiveCfg = Debug|Any CPU
		{BF014E06-92B4-476F-9F56-3F750D007FA4}.Debug|Any CPU.Build.0 = Debug|Any CPU
		{BF014E06-92B4-476F-9F56-3F750D007FA4}.Release|Any CPU.ActiveCfg = Release|Any CPU
		{BF014E06-92B4-476F-9F56-3F750D007FA4}.Release|Any CPU.Build.0 = Release|Any CPU
		{BC07B130-7E37-4280-967D-04807DB007EC}.Debug|Any CPU.ActiveCfg = Debug|Any CPU
		{BC07B130-7E37-4280-967D-04807DB007EC}.Debug|Any CPU.Build.0 = Debug|Any CPU
		{BC07B130-7E37-4280-967D-04807DB007EC}.Release|Any CPU.ActiveCfg = Release|Any CPU
		{BC07B130-7E37-4280-967D-04807DB007EC}.Release|Any CPU.Build.0 = Release|Any CPU
		{C99FBB91-3FE6-4400-AF85-EF813001C02B}.Debug|Any CPU.ActiveCfg = Debug|Any CPU
		{C99FBB91-3FE6-4400-AF85-EF813001C02B}.Debug|Any CPU.Build.0 = Debug|Any CPU
		{C99FBB91-3FE6-4400-AF85-EF813001C02B}.Release|Any CPU.ActiveCfg = Release|Any CPU
		{C99FBB91-3FE6-4400-AF85-EF813001C02B}.Release|Any CPU.Build.0 = Release|Any CPU
	EndGlobalSection
	GlobalSection(SolutionProperties) = preSolution
		HideSolutionNode = FALSE
	EndGlobalSection
	GlobalSection(ExtensibilityGlobals) = postSolution
		SolutionGuid = {AE11A899-0EC4-4EAF-BE96-CDE07DE0FE42}
	EndGlobalSection
EndGlobal
